
Microsoft Visual Studio Solution File, Format Version 12.00
# Visual Studio Version 17
VisualStudioVersion = 17.5.33516.290
MinimumVisualStudioVersion = 10.0.40219.1
Project("{9A19103F-16F7-4668-BE54-9A1E7A4F7556}") = "ToDoListMVC", "ToDoListMVC\ToDoListMVC.csproj", "{146C22E6-E0FB-4730-B736-99F58134A67F}"
EndProject
Global
	GlobalSection(SolutionConfigurationPlatforms) = preSolution
		Debug|Any CPU = Debug|Any CPU
		Release|Any CPU = Release|Any CPU
	EndGlobalSection
	GlobalSection(ProjectConfigurationPlatforms) = postSolution
		{146C22E6-E0FB-4730-B736-99F58134A67F}.Debug|Any CPU.ActiveCfg = Debug|Any CPU
		{146C22E6-E0FB-4730-B736-99F58134A67F}.Debug|Any CPU.Build.0 = Debug|Any CPU
		{146C22E6-E0FB-4730-B736-99F58134A67F}.Release|Any CPU.ActiveCfg = Release|Any CPU
		{146C22E6-E0FB-4730-B736-99F58134A67F}.Release|Any CPU.Build.0 = Release|Any CPU
	EndGlobalSection
	GlobalSection(SolutionProperties) = preSolution
		HideSolutionNode = FALSE
	EndGlobalSection
	GlobalSection(ExtensibilityGlobals) = postSolution
		SolutionGuid = {68222981-6B6E-4B78-984C-44204A47D0A8}
	EndGlobalSection
EndGlobal
